// !$*UTF8*$!
{
	archiveVersion = 1;
	classes = {
	};
	objectVersion = 56;
	objects = {

/* Begin PBXBuildFile section */
		6B0139B72E78007000AB8347 /* StepContextViewController.swift in Sources */ = {isa = PBXBuildFile; fileRef = 6B0139B42E78007000AB8347 /* StepContextViewController.swift */; };
		6B0139B82E78007000AB8347 /* StepContextViewController.xib in Resources */ = {isa = PBXBuildFile; fileRef = 6B0139B52E78007000AB8347 /* StepContextViewController.xib */; };
		6B0139B92E78007000AB8347 /* StepContextCoordinator.swift in Sources */ = {isa = PBXBuildFile; fileRef = 6B0139B62E78007000AB8347 /* StepContextCoordinator.swift */; };
		6B0139BB2E78008800AB8347 /* Step1DeeplinkPlugin.swift in Sources */ = {isa = PBXBuildFile; fileRef = 6B0139BA2E78008800AB8347 /* Step1DeeplinkPlugin.swift */; };
		6B602F722E78058E00961CB3 /* StepContextViewModel.swift in Sources */ = {isa = PBXBuildFile; fileRef = 6B602F712E78058E00961CB3 /* StepContextViewModel.swift */; };
		6B602F742E78071500961CB3 /* Step1ViewModel.swift in Sources */ = {isa = PBXBuildFile; fileRef = 6B602F732E78071500961CB3 /* Step1ViewModel.swift */; };
		6BDDEB112E5C5C5A00489A20 /* AppDelegate.swift in Sources */ = {isa = PBXBuildFile; fileRef = 6BDDEB102E5C5C5A00489A20 /* AppDelegate.swift */; };
		6BDDEB1A2E5C5C5C00489A20 /* Assets.xcassets in Resources */ = {isa = PBXBuildFile; fileRef = 6BDDEB192E5C5C5C00489A20 /* Assets.xcassets */; };
		6BDDEB1D2E5C5C5C00489A20 /* LaunchScreen.storyboard in Resources */ = {isa = PBXBuildFile; fileRef = 6BDDEB1B2E5C5C5C00489A20 /* LaunchScreen.storyboard */; };
		6BDDEB3B2E5C5D5D00489A20 /* Tabbar2ViewController.xib in Resources */ = {isa = PBXBuildFile; fileRef = 6BDDEB262E5C5D5D00489A20 /* Tabbar2ViewController.xib */; };
		6BDDEB3C2E5C5D5D00489A20 /* Tabbar2Coordinator.swift in Sources */ = {isa = PBXBuildFile; fileRef = 6BDDEB272E5C5D5D00489A20 /* Tabbar2Coordinator.swift */; };
		6BDDEB3D2E5C5D5D00489A20 /* Tabbar2ViewController.swift in Sources */ = {isa = PBXBuildFile; fileRef = 6BDDEB282E5C5D5D00489A20 /* Tabbar2ViewController.swift */; };
		6BDDEB3E2E5C5D5D00489A20 /* TabbarType.swift in Sources */ = {isa = PBXBuildFile; fileRef = 6BDDEB292E5C5D5D00489A20 /* TabbarType.swift */; };
		6BDDEB3F2E5C5D5D00489A20 /* TabbarCoordinator.swift in Sources */ = {isa = PBXBuildFile; fileRef = 6BDDEB2A2E5C5D5D00489A20 /* TabbarCoordinator.swift */; };
		6BDDEB402E5C5D5D00489A20 /* Tabbar1ViewController.xib in Resources */ = {isa = PBXBuildFile; fileRef = 6BDDEB2C2E5C5D5D00489A20 /* Tabbar1ViewController.xib */; };
		6BDDEB412E5C5D5D00489A20 /* Tabbar1Coordinator.swift in Sources */ = {isa = PBXBuildFile; fileRef = 6BDDEB2D2E5C5D5D00489A20 /* Tabbar1Coordinator.swift */; };
		6BDDEB422E5C5D5D00489A20 /* Tabbar1ViewController.swift in Sources */ = {isa = PBXBuildFile; fileRef = 6BDDEB2E2E5C5D5D00489A20 /* Tabbar1ViewController.swift */; };
		6BDDEB432E5C5D5D00489A20 /* Step1Coordinator.swift in Sources */ = {isa = PBXBuildFile; fileRef = 6BDDEB302E5C5D5D00489A20 /* Step1Coordinator.swift */; };
		6BDDEB442E5C5D5D00489A20 /* Step1ViewController.xib in Resources */ = {isa = PBXBuildFile; fileRef = 6BDDEB312E5C5D5D00489A20 /* Step1ViewController.xib */; };
		6BDDEB452E5C5D5D00489A20 /* Step1ViewController.swift in Sources */ = {isa = PBXBuildFile; fileRef = 6BDDEB322E5C5D5D00489A20 /* Step1ViewController.swift */; };
		6BDDEB462E5C5D5D00489A20 /* Step2ViewController.swift in Sources */ = {isa = PBXBuildFile; fileRef = 6BDDEB342E5C5D5D00489A20 /* Step2ViewController.swift */; };
		6BDDEB472E5C5D5D00489A20 /* Step2Coordinator.swift in Sources */ = {isa = PBXBuildFile; fileRef = 6BDDEB352E5C5D5D00489A20 /* Step2Coordinator.swift */; };
		6BDDEB482E5C5D5D00489A20 /* Step2ViewController.xib in Resources */ = {isa = PBXBuildFile; fileRef = 6BDDEB362E5C5D5D00489A20 /* Step2ViewController.xib */; };
		6BDDEB492E5C5D5D00489A20 /* Step3ViewController.swift in Sources */ = {isa = PBXBuildFile; fileRef = 6BDDEB382E5C5D5D00489A20 /* Step3ViewController.swift */; };
		6BDDEB4A2E5C5D5D00489A20 /* Step3ViewController.xib in Resources */ = {isa = PBXBuildFile; fileRef = 6BDDEB392E5C5D5D00489A20 /* Step3ViewController.xib */; };
		6BDDEB4B2E5C5D5D00489A20 /* Step3Coordinator.swift in Sources */ = {isa = PBXBuildFile; fileRef = 6BDDEB3A2E5C5D5D00489A20 /* Step3Coordinator.swift */; };
		6BDDEB4D2E5C5D9400489A20 /* AppCoordinator.swift in Sources */ = {isa = PBXBuildFile; fileRef = 6BDDEB4C2E5C5D9400489A20 /* AppCoordinator.swift */; };
		6BDDEB532E5C5FC000489A20 /* LoginCoordinator.swift in Sources */ = {isa = PBXBuildFile; fileRef = 6BDDEB4F2E5C5FC000489A20 /* LoginCoordinator.swift */; };
		6BDDEB542E5C5FC000489A20 /* LoginViewController.xib in Resources */ = {isa = PBXBuildFile; fileRef = 6BDDEB502E5C5FC000489A20 /* LoginViewController.xib */; };
		6BDDEB552E5C5FC000489A20 /* LoginViewController.swift in Sources */ = {isa = PBXBuildFile; fileRef = 6BDDEB512E5C5FC000489A20 /* LoginViewController.swift */; };
		6BDDEB562E5C5FC000489A20 /* SessionManager.swift in Sources */ = {isa = PBXBuildFile; fileRef = 6BDDEB522E5C5FC000489A20 /* SessionManager.swift */; };
		825ACC915EC49A6B5B86BEE1 /* Pods_CoordinatorKitExample.framework in Frameworks */ = {isa = PBXBuildFile; fileRef = BA2C1FDC552513BFA4E426FA /* Pods_CoordinatorKitExample.framework */; };
/* End PBXBuildFile section */

/* Begin PBXFileReference section */
		34D9453C2CD74B0A4A74F36B /* Pods-CoordinatorKitExample.debug.xcconfig */ = {isa = PBXFileReference; includeInIndex = 1; lastKnownFileType = text.xcconfig; name = "Pods-CoordinatorKitExample.debug.xcconfig"; path = "Target Support Files/Pods-CoordinatorKitExample/Pods-CoordinatorKitExample.debug.xcconfig"; sourceTree = "<group>"; };
		6B0139B42E78007000AB8347 /* StepContextViewController.swift */ = {isa = PBXFileReference; fileEncoding = 4; lastKnownFileType = sourcecode.swift; path = StepContextViewController.swift; sourceTree = "<group>"; };
		6B0139B52E78007000AB8347 /* StepContextViewController.xib */ = {isa = PBXFileReference; fileEncoding = 4; lastKnownFileType = file.xib; path = StepContextViewController.xib; sourceTree = "<group>"; };
		6B0139B62E78007000AB8347 /* StepContextCoordinator.swift */ = {isa = PBXFileReference; fileEncoding = 4; lastKnownFileType = sourcecode.swift; path = StepContextCoordinator.swift; sourceTree = "<group>"; };
		6B0139BA2E78008800AB8347 /* Step1DeeplinkPlugin.swift */ = {isa = PBXFileReference; fileEncoding = 4; lastKnownFileType = sourcecode.swift; path = Step1DeeplinkPlugin.swift; sourceTree = "<group>"; };
		6B602F712E78058E00961CB3 /* StepContextViewModel.swift */ = {isa = PBXFileReference; lastKnownFileType = sourcecode.swift; path = StepContextViewModel.swift; sourceTree = "<group>"; };
		6B602F732E78071500961CB3 /* Step1ViewModel.swift */ = {isa = PBXFileReference; lastKnownFileType = sourcecode.swift; path = Step1ViewModel.swift; sourceTree = "<group>"; };
		6BDDEB0D2E5C5C5A00489A20 /* CoordinatorKitExample.app */ = {isa = PBXFileReference; explicitFileType = wrapper.application; includeInIndex = 0; path = CoordinatorKitExample.app; sourceTree = BUILT_PRODUCTS_DIR; };
		6BDDEB102E5C5C5A00489A20 /* AppDelegate.swift */ = {isa = PBXFileReference; lastKnownFileType = sourcecode.swift; path = AppDelegate.swift; sourceTree = "<group>"; };
		6BDDEB192E5C5C5C00489A20 /* Assets.xcassets */ = {isa = PBXFileReference; lastKnownFileType = folder.assetcatalog; path = Assets.xcassets; sourceTree = "<group>"; };
		6BDDEB1C2E5C5C5C00489A20 /* Base */ = {isa = PBXFileReference; lastKnownFileType = file.storyboard; name = Base; path = Base.lproj/LaunchScreen.storyboard; sourceTree = "<group>"; };
		6BDDEB1E2E5C5C5C00489A20 /* Info.plist */ = {isa = PBXFileReference; lastKnownFileType = text.plist.xml; path = Info.plist; sourceTree = "<group>"; };
		6BDDEB262E5C5D5D00489A20 /* Tabbar2ViewController.xib */ = {isa = PBXFileReference; fileEncoding = 4; lastKnownFileType = file.xib; path = Tabbar2ViewController.xib; sourceTree = "<group>"; };
		6BDDEB272E5C5D5D00489A20 /* Tabbar2Coordinator.swift */ = {isa = PBXFileReference; fileEncoding = 4; lastKnownFileType = sourcecode.swift; path = Tabbar2Coordinator.swift; sourceTree = "<group>"; };
		6BDDEB282E5C5D5D00489A20 /* Tabbar2ViewController.swift */ = {isa = PBXFileReference; fileEncoding = 4; lastKnownFileType = sourcecode.swift; path = Tabbar2ViewController.swift; sourceTree = "<group>"; };
		6BDDEB292E5C5D5D00489A20 /* TabbarType.swift */ = {isa = PBXFileReference; fileEncoding = 4; lastKnownFileType = sourcecode.swift; path = TabbarType.swift; sourceTree = "<group>"; };
		6BDDEB2A2E5C5D5D00489A20 /* TabbarCoordinator.swift */ = {isa = PBXFileReference; fileEncoding = 4; lastKnownFileType = sourcecode.swift; path = TabbarCoordinator.swift; sourceTree = "<group>"; };
		6BDDEB2C2E5C5D5D00489A20 /* Tabbar1ViewController.xib */ = {isa = PBXFileReference; fileEncoding = 4; lastKnownFileType = file.xib; path = Tabbar1ViewController.xib; sourceTree = "<group>"; };
		6BDDEB2D2E5C5D5D00489A20 /* Tabbar1Coordinator.swift */ = {isa = PBXFileReference; fileEncoding = 4; lastKnownFileType = sourcecode.swift; path = Tabbar1Coordinator.swift; sourceTree = "<group>"; };
		6BDDEB2E2E5C5D5D00489A20 /* Tabbar1ViewController.swift */ = {isa = PBXFileReference; fileEncoding = 4; lastKnownFileType = sourcecode.swift; path = Tabbar1ViewController.swift; sourceTree = "<group>"; };
		6BDDEB302E5C5D5D00489A20 /* Step1Coordinator.swift */ = {isa = PBXFileReference; fileEncoding = 4; lastKnownFileType = sourcecode.swift; path = Step1Coordinator.swift; sourceTree = "<group>"; };
		6BDDEB312E5C5D5D00489A20 /* Step1ViewController.xib */ = {isa = PBXFileReference; fileEncoding = 4; lastKnownFileType = file.xib; path = Step1ViewController.xib; sourceTree = "<group>"; };
		6BDDEB322E5C5D5D00489A20 /* Step1ViewController.swift */ = {isa = PBXFileReference; fileEncoding = 4; lastKnownFileType = sourcecode.swift; path = Step1ViewController.swift; sourceTree = "<group>"; };
		6BDDEB342E5C5D5D00489A20 /* Step2ViewController.swift */ = {isa = PBXFileReference; fileEncoding = 4; lastKnownFileType = sourcecode.swift; path = Step2ViewController.swift; sourceTree = "<group>"; };
		6BDDEB352E5C5D5D00489A20 /* Step2Coordinator.swift */ = {isa = PBXFileReference; fileEncoding = 4; lastKnownFileType = sourcecode.swift; path = Step2Coordinator.swift; sourceTree = "<group>"; };
		6BDDEB362E5C5D5D00489A20 /* Step2ViewController.xib */ = {isa = PBXFileReference; fileEncoding = 4; lastKnownFileType = file.xib; path = Step2ViewController.xib; sourceTree = "<group>"; };
		6BDDEB382E5C5D5D00489A20 /* Step3ViewController.swift */ = {isa = PBXFileReference; fileEncoding = 4; lastKnownFileType = sourcecode.swift; path = Step3ViewController.swift; sourceTree = "<group>"; };
		6BDDEB392E5C5D5D00489A20 /* Step3ViewController.xib */ = {isa = PBXFileReference; fileEncoding = 4; lastKnownFileType = file.xib; path = Step3ViewController.xib; sourceTree = "<group>"; };
		6BDDEB3A2E5C5D5D00489A20 /* Step3Coordinator.swift */ = {isa = PBXFileReference; fileEncoding = 4; lastKnownFileType = sourcecode.swift; path = Step3Coordinator.swift; sourceTree = "<group>"; };
		6BDDEB4C2E5C5D9400489A20 /* AppCoordinator.swift */ = {isa = PBXFileReference; lastKnownFileType = sourcecode.swift; path = AppCoordinator.swift; sourceTree = "<group>"; };
		6BDDEB4F2E5C5FC000489A20 /* LoginCoordinator.swift */ = {isa = PBXFileReference; fileEncoding = 4; lastKnownFileType = sourcecode.swift; path = LoginCoordinator.swift; sourceTree = "<group>"; };
		6BDDEB502E5C5FC000489A20 /* LoginViewController.xib */ = {isa = PBXFileReference; fileEncoding = 4; lastKnownFileType = file.xib; path = LoginViewController.xib; sourceTree = "<group>"; };
		6BDDEB512E5C5FC000489A20 /* LoginViewController.swift */ = {isa = PBXFileReference; fileEncoding = 4; lastKnownFileType = sourcecode.swift; path = LoginViewController.swift; sourceTree = "<group>"; };
		6BDDEB522E5C5FC000489A20 /* SessionManager.swift */ = {isa = PBXFileReference; fileEncoding = 4; lastKnownFileType = sourcecode.swift; path = SessionManager.swift; sourceTree = "<group>"; };
		97A9F33E9B1A56B4ED246C71 /* Pods-CoordinatorKitExample.release.xcconfig */ = {isa = PBXFileReference; includeInIndex = 1; lastKnownFileType = text.xcconfig; name = "Pods-CoordinatorKitExample.release.xcconfig"; path = "Target Support Files/Pods-CoordinatorKitExample/Pods-CoordinatorKitExample.release.xcconfig"; sourceTree = "<group>"; };
		BA2C1FDC552513BFA4E426FA /* Pods_CoordinatorKitExample.framework */ = {isa = PBXFileReference; explicitFileType = wrapper.framework; includeInIndex = 0; path = Pods_CoordinatorKitExample.framework; sourceTree = BUILT_PRODUCTS_DIR; };
/* End PBXFileReference section */

/* Begin PBXFrameworksBuildPhase section */
		6BDDEB0A2E5C5C5A00489A20 /* Frameworks */ = {
			isa = PBXFrameworksBuildPhase;
			buildActionMask = 2147483647;
			files = (
				825ACC915EC49A6B5B86BEE1 /* Pods_CoordinatorKitExample.framework in Frameworks */,
			);
			runOnlyForDeploymentPostprocessing = 0;
		};
/* End PBXFrameworksBuildPhase section */

/* Begin PBXGroup section */
		182BDB659F709A0034ACC5DA /* Pods */ = {
			isa = PBXGroup;
			children = (
				34D9453C2CD74B0A4A74F36B /* Pods-CoordinatorKitExample.debug.xcconfig */,
				97A9F33E9B1A56B4ED246C71 /* Pods-CoordinatorKitExample.release.xcconfig */,
			);
			path = Pods;
			sourceTree = "<group>";
		};
		5AC5EFA6E1C3E8615583EDD9 /* Frameworks */ = {
			isa = PBXGroup;
			children = (
				BA2C1FDC552513BFA4E426FA /* Pods_CoordinatorKitExample.framework */,
			);
			name = Frameworks;
			sourceTree = "<group>";
		};
		6B0139B32E78007000AB8347 /* StepContext */ = {
			isa = PBXGroup;
			children = (
				6B0139B42E78007000AB8347 /* StepContextViewController.swift */,
				6B0139B52E78007000AB8347 /* StepContextViewController.xib */,
				6B0139B62E78007000AB8347 /* StepContextCoordinator.swift */,
				6B602F712E78058E00961CB3 /* StepContextViewModel.swift */,
			);
			path = StepContext;
			sourceTree = "<group>";
		};
		6BDDEB042E5C5C5A00489A20 = {
			isa = PBXGroup;
			children = (
				6BDDEB0F2E5C5C5A00489A20 /* CoordinatorKitExample */,
				6BDDEB0E2E5C5C5A00489A20 /* Products */,
				182BDB659F709A0034ACC5DA /* Pods */,
				5AC5EFA6E1C3E8615583EDD9 /* Frameworks */,
			);
			sourceTree = "<group>";
		};
		6BDDEB0E2E5C5C5A00489A20 /* Products */ = {
			isa = PBXGroup;
			children = (
				6BDDEB0D2E5C5C5A00489A20 /* CoordinatorKitExample.app */,
			);
			name = Products;
			sourceTree = "<group>";
		};
		6BDDEB0F2E5C5C5A00489A20 /* CoordinatorKitExample */ = {
			isa = PBXGroup;
			children = (
				6B0139B32E78007000AB8347 /* StepContext */,
				6BDDEB4E2E5C5FC000489A20 /* Login */,
				6BDDEB522E5C5FC000489A20 /* SessionManager.swift */,
				6BDDEB2F2E5C5D5D00489A20 /* Step1 */,
				6BDDEB332E5C5D5D00489A20 /* Step2 */,
				6BDDEB372E5C5D5D00489A20 /* Step3 */,
				6BDDEB242E5C5D5D00489A20 /* Tabbar */,
				6BDDEB102E5C5C5A00489A20 /* AppDelegate.swift */,
				6BDDEB4C2E5C5D9400489A20 /* AppCoordinator.swift */,
				6BDDEB192E5C5C5C00489A20 /* Assets.xcassets */,
				6BDDEB1B2E5C5C5C00489A20 /* LaunchScreen.storyboard */,
				6BDDEB1E2E5C5C5C00489A20 /* Info.plist */,
			);
			path = CoordinatorKitExample;
			sourceTree = "<group>";
		};
		6BDDEB242E5C5D5D00489A20 /* Tabbar */ = {
			isa = PBXGroup;
			children = (
				6BDDEB252E5C5D5D00489A20 /* Tabbar2 */,
				6BDDEB292E5C5D5D00489A20 /* TabbarType.swift */,
				6BDDEB2A2E5C5D5D00489A20 /* TabbarCoordinator.swift */,
				6BDDEB2B2E5C5D5D00489A20 /* Tabbar1 */,
			);
			path = Tabbar;
			sourceTree = "<group>";
		};
		6BDDEB252E5C5D5D00489A20 /* Tabbar2 */ = {
			isa = PBXGroup;
			children = (
				6BDDEB262E5C5D5D00489A20 /* Tabbar2ViewController.xib */,
				6BDDEB272E5C5D5D00489A20 /* Tabbar2Coordinator.swift */,
				6BDDEB282E5C5D5D00489A20 /* Tabbar2ViewController.swift */,
			);
			path = Tabbar2;
			sourceTree = "<group>";
		};
		6BDDEB2B2E5C5D5D00489A20 /* Tabbar1 */ = {
			isa = PBXGroup;
			children = (
				6BDDEB2C2E5C5D5D00489A20 /* Tabbar1ViewController.xib */,
				6BDDEB2D2E5C5D5D00489A20 /* Tabbar1Coordinator.swift */,
				6BDDEB2E2E5C5D5D00489A20 /* Tabbar1ViewController.swift */,
			);
			path = Tabbar1;
			sourceTree = "<group>";
		};
		6BDDEB2F2E5C5D5D00489A20 /* Step1 */ = {
			isa = PBXGroup;
			children = (
				6B0139BA2E78008800AB8347 /* Step1DeeplinkPlugin.swift */,
				6BDDEB302E5C5D5D00489A20 /* Step1Coordinator.swift */,
				6BDDEB312E5C5D5D00489A20 /* Step1ViewController.xib */,
				6BDDEB322E5C5D5D00489A20 /* Step1ViewController.swift */,
				6B602F732E78071500961CB3 /* Step1ViewModel.swift */,
			);
			path = Step1;
			sourceTree = "<group>";
		};
		6BDDEB332E5C5D5D00489A20 /* Step2 */ = {
			isa = PBXGroup;
			children = (
				6BDDEB342E5C5D5D00489A20 /* Step2ViewController.swift */,
				6BDDEB352E5C5D5D00489A20 /* Step2Coordinator.swift */,
				6BDDEB362E5C5D5D00489A20 /* Step2ViewController.xib */,
			);
			path = Step2;
			sourceTree = "<group>";
		};
		6BDDEB372E5C5D5D00489A20 /* Step3 */ = {
			isa = PBXGroup;
			children = (
				6BDDEB382E5C5D5D00489A20 /* Step3ViewController.swift */,
				6BDDEB392E5C5D5D00489A20 /* Step3ViewController.xib */,
				6BDDEB3A2E5C5D5D00489A20 /* Step3Coordinator.swift */,
			);
			path = Step3;
			sourceTree = "<group>";
		};
		6BDDEB4E2E5C5FC000489A20 /* Login */ = {
			isa = PBXGroup;
			children = (
				6BDDEB4F2E5C5FC000489A20 /* LoginCoordinator.swift */,
				6BDDEB502E5C5FC000489A20 /* LoginViewController.xib */,
				6BDDEB512E5C5FC000489A20 /* LoginViewController.swift */,
			);
			path = Login;
			sourceTree = "<group>";
		};
/* End PBXGroup section */

/* Begin PBXNativeTarget section */
		6BDDEB0C2E5C5C5A00489A20 /* CoordinatorKitExample */ = {
			isa = PBXNativeTarget;
			buildConfigurationList = 6BDDEB212E5C5C5C00489A20 /* Build configuration list for PBXNativeTarget "CoordinatorKitExample" */;
			buildPhases = (
				B36EDF0EBFFA58958FFB4F63 /* [CP] Check Pods Manifest.lock */,
				6BDDEB092E5C5C5A00489A20 /* Sources */,
				6BDDEB0A2E5C5C5A00489A20 /* Frameworks */,
				6BDDEB0B2E5C5C5A00489A20 /* Resources */,
				73263E86348CBD6F780D86B2 /* [CP] Embed Pods Frameworks */,
			);
			buildRules = (
			);
			dependencies = (
			);
			name = CoordinatorKitExample;
			productName = CoordinatorKitExample;
			productReference = 6BDDEB0D2E5C5C5A00489A20 /* CoordinatorKitExample.app */;
			productType = "com.apple.product-type.application";
		};
/* End PBXNativeTarget section */

/* Begin PBXProject section */
		6BDDEB052E5C5C5A00489A20 /* Project object */ = {
			isa = PBXProject;
			attributes = {
				BuildIndependentTargetsInParallel = 1;
				LastSwiftUpdateCheck = 1510;
				LastUpgradeCheck = 1510;
				TargetAttributes = {
					6BDDEB0C2E5C5C5A00489A20 = {
						CreatedOnToolsVersion = 15.1;
					};
				};
			};
			buildConfigurationList = 6BDDEB082E5C5C5A00489A20 /* Build configuration list for PBXProject "CoordinatorKitExample" */;
			compatibilityVersion = "Xcode 14.0";
			developmentRegion = en;
			hasScannedForEncodings = 0;
			knownRegions = (
				en,
				Base,
			);
			mainGroup = 6BDDEB042E5C5C5A00489A20;
			productRefGroup = 6BDDEB0E2E5C5C5A00489A20 /* Products */;
			projectDirPath = "";
			projectRoot = "";
			targets = (
				6BDDEB0C2E5C5C5A00489A20 /* CoordinatorKitExample */,
			);
		};
/* End PBXProject section */

/* Begin PBXResourcesBuildPhase section */
		6BDDEB0B2E5C5C5A00489A20 /* Resources */ = {
			isa = PBXResourcesBuildPhase;
			buildActionMask = 2147483647;
			files = (
				6BDDEB542E5C5FC000489A20 /* LoginViewController.xib in Resources */,
				6BDDEB1D2E5C5C5C00489A20 /* LaunchScreen.storyboard in Resources */,
				6BDDEB3B2E5C5D5D00489A20 /* Tabbar2ViewController.xib in Resources */,
				6BDDEB442E5C5D5D00489A20 /* Step1ViewController.xib in Resources */,
				6BDDEB4A2E5C5D5D00489A20 /* Step3ViewController.xib in Resources */,
				6BDDEB402E5C5D5D00489A20 /* Tabbar1ViewController.xib in Resources */,
				6B0139B82E78007000AB8347 /* StepContextViewController.xib in Resources */,
				6BDDEB1A2E5C5C5C00489A20 /* Assets.xcassets in Resources */,
				6BDDEB482E5C5D5D00489A20 /* Step2ViewController.xib in Resources */,
			);
			runOnlyForDeploymentPostprocessing = 0;
		};
/* End PBXResourcesBuildPhase section */

/* Begin PBXShellScriptBuildPhase section */
		73263E86348CBD6F780D86B2 /* [CP] Embed Pods Frameworks */ = {
			isa = PBXShellScriptBuildPhase;
			buildActionMask = 2147483647;
			files = (
			);
			inputFileListPaths = (
				"${PODS_ROOT}/Target Support Files/Pods-CoordinatorKitExample/Pods-CoordinatorKitExample-frameworks-${CONFIGURATION}-input-files.xcfilelist",
			);
			name = "[CP] Embed Pods Frameworks";
			outputFileListPaths = (
				"${PODS_ROOT}/Target Support Files/Pods-CoordinatorKitExample/Pods-CoordinatorKitExample-frameworks-${CONFIGURATION}-output-files.xcfilelist",
			);
			runOnlyForDeploymentPostprocessing = 0;
			shellPath = /bin/sh;
			shellScript = "\"${PODS_ROOT}/Target Support Files/Pods-CoordinatorKitExample/Pods-CoordinatorKitExample-frameworks.sh\"\n";
			showEnvVarsInLog = 0;
		};
		B36EDF0EBFFA58958FFB4F63 /* [CP] Check Pods Manifest.lock */ = {
			isa = PBXShellScriptBuildPhase;
			buildActionMask = 2147483647;
			files = (
			);
			inputFileListPaths = (
			);
			inputPaths = (
				"${PODS_PODFILE_DIR_PATH}/Podfile.lock",
				"${PODS_ROOT}/Manifest.lock",
			);
			name = "[CP] Check Pods Manifest.lock";
			outputFileListPaths = (
			);
			outputPaths = (
				"$(DERIVED_FILE_DIR)/Pods-CoordinatorKitExample-checkManifestLockResult.txt",
			);
			runOnlyForDeploymentPostprocessing = 0;
			shellPath = /bin/sh;
			shellScript = "diff \"${PODS_PODFILE_DIR_PATH}/Podfile.lock\" \"${PODS_ROOT}/Manifest.lock\" > /dev/null\nif [ $? != 0 ] ; then\n    # print error to STDERR\n    echo \"error: The sandbox is not in sync with the Podfile.lock. Run 'pod install' or update your CocoaPods installation.\" >&2\n    exit 1\nfi\n# This output is used by Xcode 'outputs' to avoid re-running this script phase.\necho \"SUCCESS\" > \"${SCRIPT_OUTPUT_FILE_0}\"\n";
			showEnvVarsInLog = 0;
		};
/* End PBXShellScriptBuildPhase section */

/* Begin PBXSourcesBuildPhase section */
		6BDDEB092E5C5C5A00489A20 /* Sources */ = {
			isa = PBXSourcesBuildPhase;
			buildActionMask = 2147483647;
			files = (
				6B0139B92E78007000AB8347 /* StepContextCoordinator.swift in Sources */,
				6BDDEB422E5C5D5D00489A20 /* Tabbar1ViewController.swift in Sources */,
				6BDDEB462E5C5D5D00489A20 /* Step2ViewController.swift in Sources */,
				6BDDEB492E5C5D5D00489A20 /* Step3ViewController.swift in Sources */,
				6B0139BB2E78008800AB8347 /* Step1DeeplinkPlugin.swift in Sources */,
				6BDDEB412E5C5D5D00489A20 /* Tabbar1Coordinator.swift in Sources */,
				6BDDEB432E5C5D5D00489A20 /* Step1Coordinator.swift in Sources */,
				6BDDEB112E5C5C5A00489A20 /* AppDelegate.swift in Sources */,
				6BDDEB4D2E5C5D9400489A20 /* AppCoordinator.swift in Sources */,
				6BDDEB4B2E5C5D5D00489A20 /* Step3Coordinator.swift in Sources */,
				6B602F722E78058E00961CB3 /* StepContextViewModel.swift in Sources */,
				6BDDEB452E5C5D5D00489A20 /* Step1ViewController.swift in Sources */,
				6BDDEB3E2E5C5D5D00489A20 /* TabbarType.swift in Sources */,
				6B0139B72E78007000AB8347 /* StepContextViewController.swift in Sources */,
				6B602F742E78071500961CB3 /* Step1ViewModel.swift in Sources */,
				6BDDEB472E5C5D5D00489A20 /* Step2Coordinator.swift in Sources */,
				6BDDEB3D2E5C5D5D00489A20 /* Tabbar2ViewController.swift in Sources */,
				6BDDEB552E5C5FC000489A20 /* LoginViewController.swift in Sources */,
				6BDDEB532E5C5FC000489A20 /* LoginCoordinator.swift in Sources */,
				6BDDEB3F2E5C5D5D00489A20 /* TabbarCoordinator.swift in Sources */,
				6BDDEB3C2E5C5D5D00489A20 /* Tabbar2Coordinator.swift in Sources */,
				6BDDEB562E5C5FC000489A20 /* SessionManager.swift in Sources */,
			);
			runOnlyForDeploymentPostprocessing = 0;
		};
/* End PBXSourcesBuildPhase section */

/* Begin PBXVariantGroup section */
		6BDDEB1B2E5C5C5C00489A20 /* LaunchScreen.storyboard */ = {
			isa = PBXVariantGroup;
			children = (
				6BDDEB1C2E5C5C5C00489A20 /* Base */,
			);
			name = LaunchScreen.storyboard;
			sourceTree = "<group>";
		};
/* End PBXVariantGroup section */

/* Begin XCBuildConfiguration section */
		6BDDEB1F2E5C5C5C00489A20 /* Debug */ = {
			isa = XCBuildConfiguration;
			buildSettings = {
				ALWAYS_SEARCH_USER_PATHS = NO;
				ASSETCATALOG_COMPILER_GENERATE_SWIFT_ASSET_SYMBOL_EXTENSIONS = YES;
				CLANG_ANALYZER_NONNULL = YES;
				CLANG_ANALYZER_NUMBER_OBJECT_CONVERSION = YES_AGGRESSIVE;
				CLANG_CXX_LANGUAGE_STANDARD = "gnu++20";
				CLANG_ENABLE_MODULES = YES;
				CLANG_ENABLE_OBJC_ARC = YES;
				CLANG_ENABLE_OBJC_WEAK = YES;
				CLANG_WARN_BLOCK_CAPTURE_AUTORELEASING = YES;
				CLANG_WARN_BOOL_CONVERSION = YES;
				CLANG_WARN_COMMA = YES;
				CLANG_WARN_CONSTANT_CONVERSION = YES;
				CLANG_WARN_DEPRECATED_OBJC_IMPLEMENTATIONS = YES;
				CLANG_WARN_DIRECT_OBJC_ISA_USAGE = YES_ERROR;
				CLANG_WARN_DOCUMENTATION_COMMENTS = YES;
				CLANG_WARN_EMPTY_BODY = YES;
				CLANG_WARN_ENUM_CONVERSION = YES;
				CLANG_WARN_INFINITE_RECURSION = YES;
				CLANG_WARN_INT_CONVERSION = YES;
				CLANG_WARN_NON_LITERAL_NULL_CONVERSION = YES;
				CLANG_WARN_OBJC_IMPLICIT_RETAIN_SELF = YES;
				CLANG_WARN_OBJC_LITERAL_CONVERSION = YES;
				CLANG_WARN_OBJC_ROOT_CLASS = YES_ERROR;
				CLANG_WARN_QUOTED_INCLUDE_IN_FRAMEWORK_HEADER = YES;
				CLANG_WARN_RANGE_LOOP_ANALYSIS = YES;
				CLANG_WARN_STRICT_PROTOTYPES = YES;
				CLANG_WARN_SUSPICIOUS_MOVE = YES;
				CLANG_WARN_UNGUARDED_AVAILABILITY = YES_AGGRESSIVE;
				CLANG_WARN_UNREACHABLE_CODE = YES;
				CLANG_WARN__DUPLICATE_METHOD_MATCH = YES;
				COPY_PHASE_STRIP = NO;
				DEBUG_INFORMATION_FORMAT = dwarf;
				ENABLE_STRICT_OBJC_MSGSEND = YES;
				ENABLE_TESTABILITY = YES;
				ENABLE_USER_SCRIPT_SANDBOXING = YES;
				GCC_C_LANGUAGE_STANDARD = gnu17;
				GCC_DYNAMIC_NO_PIC = NO;
				GCC_NO_COMMON_BLOCKS = YES;
				GCC_OPTIMIZATION_LEVEL = 0;
				GCC_PREPROCESSOR_DEFINITIONS = (
					"DEBUG=1",
					"$(inherited)",
				);
				GCC_WARN_64_TO_32_BIT_CONVERSION = YES;
				GCC_WARN_ABOUT_RETURN_TYPE = YES_ERROR;
				GCC_WARN_UNDECLARED_SELECTOR = YES;
				GCC_WARN_UNINITIALIZED_AUTOS = YES_AGGRESSIVE;
				GCC_WARN_UNUSED_FUNCTION = YES;
				GCC_WARN_UNUSED_VARIABLE = YES;
				IPHONEOS_DEPLOYMENT_TARGET = 17.2;
				LOCALIZATION_PREFERS_STRING_CATALOGS = YES;
				MTL_ENABLE_DEBUG_INFO = INCLUDE_SOURCE;
				MTL_FAST_MATH = YES;
				ONLY_ACTIVE_ARCH = YES;
				SDKROOT = iphoneos;
				SWIFT_ACTIVE_COMPILATION_CONDITIONS = "DEBUG $(inherited)";
				SWIFT_OPTIMIZATION_LEVEL = "-Onone";
			};
			name = Debug;
		};
		6BDDEB202E5C5C5C00489A20 /* Release */ = {
			isa = XCBuildConfiguration;
			buildSettings = {
				ALWAYS_SEARCH_USER_PATHS = NO;
				ASSETCATALOG_COMPILER_GENERATE_SWIFT_ASSET_SYMBOL_EXTENSIONS = YES;
				CLANG_ANALYZER_NONNULL = YES;
				CLANG_ANALYZER_NUMBER_OBJECT_CONVERSION = YES_AGGRESSIVE;
				CLANG_CXX_LANGUAGE_STANDARD = "gnu++20";
				CLANG_ENABLE_MODULES = YES;
				CLANG_ENABLE_OBJC_ARC = YES;
				CLANG_ENABLE_OBJC_WEAK = YES;
				CLANG_WARN_BLOCK_CAPTURE_AUTORELEASING = YES;
				CLANG_WARN_BOOL_CONVERSION = YES;
				CLANG_WARN_COMMA = YES;
				CLANG_WARN_CONSTANT_CONVERSION = YES;
				CLANG_WARN_DEPRECATED_OBJC_IMPLEMENTATIONS = YES;
				CLANG_WARN_DIRECT_OBJC_ISA_USAGE = YES_ERROR;
				CLANG_WARN_DOCUMENTATION_COMMENTS = YES;
				CLANG_WARN_EMPTY_BODY = YES;
				CLANG_WARN_ENUM_CONVERSION = YES;
				CLANG_WARN_INFINITE_RECURSION = YES;
				CLANG_WARN_INT_CONVERSION = YES;
				CLANG_WARN_NON_LITERAL_NULL_CONVERSION = YES;
				CLANG_WARN_OBJC_IMPLICIT_RETAIN_SELF = YES;
				CLANG_WARN_OBJC_LITERAL_CONVERSION = YES;
				CLANG_WARN_OBJC_ROOT_CLASS = YES_ERROR;
				CLANG_WARN_QUOTED_INCLUDE_IN_FRAMEWORK_HEADER = YES;
				CLANG_WARN_RANGE_LOOP_ANALYSIS = YES;
				CLANG_WARN_STRICT_PROTOTYPES = YES;
				CLANG_WARN_SUSPICIOUS_MOVE = YES;
				CLANG_WARN_UNGUARDED_AVAILABILITY = YES_AGGRESSIVE;
				CLANG_WARN_UNREACHABLE_CODE = YES;
				CLANG_WARN__DUPLICATE_METHOD_MATCH = YES;
				COPY_PHASE_STRIP = NO;
				DEBUG_INFORMATION_FORMAT = "dwarf-with-dsym";
				ENABLE_NS_ASSERTIONS = NO;
				ENABLE_STRICT_OBJC_MSGSEND = YES;
				ENABLE_USER_SCRIPT_SANDBOXING = YES;
				GCC_C_LANGUAGE_STANDARD = gnu17;
				GCC_NO_COMMON_BLOCKS = YES;
				GCC_WARN_64_TO_32_BIT_CONVERSION = YES;
				GCC_WARN_ABOUT_RETURN_TYPE = YES_ERROR;
				GCC_WARN_UNDECLARED_SELECTOR = YES;
				GCC_WARN_UNINITIALIZED_AUTOS = YES_AGGRESSIVE;
				GCC_WARN_UNUSED_FUNCTION = YES;
				GCC_WARN_UNUSED_VARIABLE = YES;
				IPHONEOS_DEPLOYMENT_TARGET = 17.2;
				LOCALIZATION_PREFERS_STRING_CATALOGS = YES;
				MTL_ENABLE_DEBUG_INFO = NO;
				MTL_FAST_MATH = YES;
				SDKROOT = iphoneos;
				SWIFT_COMPILATION_MODE = wholemodule;
				VALIDATE_PRODUCT = YES;
			};
			name = Release;
		};
		6BDDEB222E5C5C5C00489A20 /* Debug */ = {
			isa = XCBuildConfiguration;
			baseConfigurationReference = 34D9453C2CD74B0A4A74F36B /* Pods-CoordinatorKitExample.debug.xcconfig */;
			buildSettings = {
				ASSETCATALOG_COMPILER_APPICON_NAME = AppIcon;
				ASSETCATALOG_COMPILER_GLOBAL_ACCENT_COLOR_NAME = AccentColor;
				CODE_SIGN_STYLE = Automatic;
				CURRENT_PROJECT_VERSION = 1;
				DEVELOPMENT_TEAM = 56883AFW3F;
				ENABLE_USER_SCRIPT_SANDBOXING = NO;
				GENERATE_INFOPLIST_FILE = YES;
				INFOPLIST_FILE = CoordinatorKitExample/Info.plist;
				INFOPLIST_KEY_UIApplicationSupportsIndirectInputEvents = YES;
				INFOPLIST_KEY_UILaunchStoryboardName = LaunchScreen;
				INFOPLIST_KEY_UISupportedInterfaceOrientations_iPad = "UIInterfaceOrientationPortrait UIInterfaceOrientationPortraitUpsideDown UIInterfaceOrientationLandscapeLeft UIInterfaceOrientationLandscapeRight";
				INFOPLIST_KEY_UISupportedInterfaceOrientations_iPhone = "UIInterfaceOrientationPortrait UIInterfaceOrientationLandscapeLeft UIInterfaceOrientationLandscapeRight";
				IPHONEOS_DEPLOYMENT_TARGET = 12.0;
				LD_RUNPATH_SEARCH_PATHS = (
					"$(inherited)",
					"@executable_path/Frameworks",
				);
				MARKETING_VERSION = 1.0;
				PRODUCT_BUNDLE_IDENTIFIER = longphan.dev.example.coordinatorkit.CoordinatorKitExample;
				PRODUCT_NAME = "$(TARGET_NAME)";
				SWIFT_EMIT_LOC_STRINGS = YES;
				SWIFT_VERSION = 5.0;
				TARGETED_DEVICE_FAMILY = "1,2";
			};
			name = Debug;
		};
		6BDDEB232E5C5C5C00489A20 /* Release */ = {
			isa = XCBuildConfiguration;
			baseConfigurationReference = 97A9F33E9B1A56B4ED246C71 /* Pods-CoordinatorKitExample.release.xcconfig */;
			buildSettings = {
				ASSETCATALOG_COMPILER_APPICON_NAME = AppIcon;
				ASSETCATALOG_COMPILER_GLOBAL_ACCENT_COLOR_NAME = AccentColor;
				CODE_SIGN_STYLE = Automatic;
				CURRENT_PROJECT_VERSION = 1;
				DEVELOPMENT_TEAM = 56883AFW3F;
				ENABLE_USER_SCRIPT_SANDBOXING = NO;
				GENERATE_INFOPLIST_FILE = YES;
				INFOPLIST_FILE = CoordinatorKitExample/Info.plist;
				INFOPLIST_KEY_UIApplicationSupportsIndirectInputEvents = YES;
				INFOPLIST_KEY_UILaunchStoryboardName = LaunchScreen;
				INFOPLIST_KEY_UISupportedInterfaceOrientations_iPad = "UIInterfaceOrientationPortrait UIInterfaceOrientationPortraitUpsideDown UIInterfaceOrientationLandscapeLeft UIInterfaceOrientationLandscapeRight";
				INFOPLIST_KEY_UISupportedInterfaceOrientations_iPhone = "UIInterfaceOrientationPortrait UIInterfaceOrientationLandscapeLeft UIInterfaceOrientationLandscapeRight";
				IPHONEOS_DEPLOYMENT_TARGET = 12.0;
				LD_RUNPATH_SEARCH_PATHS = (
					"$(inherited)",
					"@executable_path/Frameworks",
				);
				MARKETING_VERSION = 1.0;
				PRODUCT_BUNDLE_IDENTIFIER = longphan.dev.example.coordinatorkit.CoordinatorKitExample;
				PRODUCT_NAME = "$(TARGET_NAME)";
				SWIFT_EMIT_LOC_STRINGS = YES;
				SWIFT_VERSION = 5.0;
				TARGETED_DEVICE_FAMILY = "1,2";
			};
			name = Release;
		};
/* End XCBuildConfiguration section */

/* Begin XCConfigurationList section */
		6BDDEB082E5C5C5A00489A20 /* Build configuration list for PBXProject "CoordinatorKitExample" */ = {
			isa = XCConfigurationList;
			buildConfigurations = (
				6BDDEB1F2E5C5C5C00489A20 /* Debug */,
				6BDDEB202E5C5C5C00489A20 /* Release */,
			);
			defaultConfigurationIsVisible = 0;
			defaultConfigurationName = Release;
		};
		6BDDEB212E5C5C5C00489A20 /* Build configuration list for PBXNativeTarget "CoordinatorKitExample" */ = {
			isa = XCConfigurationList;
			buildConfigurations = (
				6BDDEB222E5C5C5C00489A20 /* Debug */,
				6BDDEB232E5C5C5C00489A20 /* Release */,
			);
			defaultConfigurationIsVisible = 0;
			defaultConfigurationName = Release;
		};
/* End XCConfigurationList section */
	};
	rootObject = 6BDDEB052E5C5C5A00489A20 /* Project object */;
}
